lockVersion: 2.0.0
id: 906577a1-c369-4ae0-9074-3e1b5123889d
management:
  docChecksum: 936f0ff0f6ac9e56df38e51b2591854f
  docVersion: 1.0.0
  speakeasyVersion: 1.451.1
  generationVersion: 2.470.1
  releaseVersion: "4.0"
  configChecksum: d812e166502aed3f51ee69003392bd00
  repoURL: https://github.com/speakeasy-sdks/bar-typescript.git
  repoSubDirectory: .
  installationURL: https://github.com/speakeasy-sdks/bar-typescript
  published: true
features:
  typescript:
    additionalDependencies: 0.1.0
    callbacks: 1.0.0
    core: 3.18.8
    defaultEnabledRetries: 0.1.0
    enumUnions: 0.1.0
    envVarSecurityUsage: 0.1.2
    errors: 2.84.0
    examples: 2.81.4
    flattening: 2.82.0
    globalSecurity: 2.82.11
    globalSecurityCallbacks: 0.1.0
    globalServerURLs: 2.82.4
    inputOutputModels: 2.82.0
    oauth2ClientCredentials: 0.2.0
    responseFormat: 0.2.3
    retries: 2.83.0
    sdkHooks: 0.2.0
    serverIDs: 2.81.2
    webhooks: 1.1.0
generatedFiles:
  - .eslintrc.cjs
  - .gitattributes
  - .npmignore
  - CONTRIBUTING.md
  - FUNCTIONS.md
  - RUNTIMES.md
  - USAGE.md
  - docs/lib/utils/retryconfig.md
  - docs/sdk/models/callbacks/createorderorderupdaterequestbody.md
  - docs/sdk/models/callbacks/createorderorderupdateresponse.md
  - docs/sdk/models/errors/apierror.md
  - docs/sdk/models/operations/authenticaterequestbody.md
  - docs/sdk/models/operations/authenticateresponse.md
  - docs/sdk/models/operations/authenticateresponsebody.md
  - docs/sdk/models/operations/createorderrequest.md
  - docs/sdk/models/operations/createorderresponse.md
  - docs/sdk/models/operations/data.md
  - docs/sdk/models/operations/getdrinkrequest.md
  - docs/sdk/models/operations/getdrinkresponse.md
  - docs/sdk/models/operations/listdrinksrequest.md
  - docs/sdk/models/operations/listdrinksresponse.md
  - docs/sdk/models/operations/listingredientsrequest.md
  - docs/sdk/models/operations/listingredientsresponse.md
  - docs/sdk/models/operations/listingredientsresponsebody.md
  - docs/sdk/models/operations/requestbody.md
  - docs/sdk/models/operations/subscribetowebhooksresponse.md
  - docs/sdk/models/operations/webhook.md
  - docs/sdk/models/shared/drink.md
  - docs/sdk/models/shared/drinkinput.md
  - docs/sdk/models/shared/drinktype.md
  - docs/sdk/models/shared/errort.md
  - docs/sdk/models/shared/ingredient.md
  - docs/sdk/models/shared/ingredienttype.md
  - docs/sdk/models/shared/order.md
  - docs/sdk/models/shared/orderinput.md
  - docs/sdk/models/shared/ordertype.md
  - docs/sdk/models/shared/schemeclientcredentials.md
  - docs/sdk/models/shared/security.md
  - docs/sdk/models/shared/status.md
  - docs/sdk/models/webhooks/stockupdaterequestbody.md
  - docs/sdk/models/webhooks/stockupdateresponse.md
  - docs/sdks/authentication/README.md
  - docs/sdks/barsdk/README.md
  - docs/sdks/config/README.md
  - docs/sdks/drinks/README.md
  - docs/sdks/ingredients/README.md
  - docs/sdks/orders/README.md
  - jsr.json
  - package.json
  - src/core.ts
  - src/funcs/authenticationAuthenticate.ts
  - src/funcs/configSubscribeToWebhooks.ts
  - src/funcs/drinksGetDrink.ts
  - src/funcs/drinksListDrinks.ts
  - src/funcs/ingredientsListIngredients.ts
  - src/funcs/ordersCreateOrder.ts
  - src/hooks/clientcredentials.ts
  - src/hooks/hooks.ts
  - src/hooks/index.ts
  - src/hooks/types.ts
  - src/index.ts
  - src/lib/base64.ts
  - src/lib/config.ts
  - src/lib/dlv.ts
  - src/lib/encodings.ts
  - src/lib/files.ts
  - src/lib/http.ts
  - src/lib/is-plain-object.ts
  - src/lib/logger.ts
  - src/lib/matchers.ts
  - src/lib/primitives.ts
  - src/lib/retries.ts
  - src/lib/schemas.ts
  - src/lib/sdks.ts
  - src/lib/security.ts
  - src/lib/url.ts
  - src/sdk/authentication.ts
  - src/sdk/config.ts
  - src/sdk/drinks.ts
  - src/sdk/index.ts
  - src/sdk/ingredients.ts
  - src/sdk/models/callbacks/createorder.ts
  - src/sdk/models/callbacks/index.ts
  - src/sdk/models/errors/apierror.ts
  - src/sdk/models/errors/httpclienterrors.ts
  - src/sdk/models/errors/index.ts
  - src/sdk/models/errors/sdkerror.ts
  - src/sdk/models/errors/sdkvalidationerror.ts
  - src/sdk/models/operations/authenticate.ts
  - src/sdk/models/operations/createorder.ts
  - src/sdk/models/operations/getdrink.ts
  - src/sdk/models/operations/index.ts
  - src/sdk/models/operations/listdrinks.ts
  - src/sdk/models/operations/listingredients.ts
  - src/sdk/models/operations/subscribetowebhooks.ts
  - src/sdk/models/shared/drink.ts
  - src/sdk/models/shared/drinkinput.ts
  - src/sdk/models/shared/drinktype.ts
  - src/sdk/models/shared/error.ts
  - src/sdk/models/shared/index.ts
  - src/sdk/models/shared/ingredient.ts
  - src/sdk/models/shared/ingredienttype.ts
  - src/sdk/models/shared/order.ts
  - src/sdk/models/shared/orderinput.ts
  - src/sdk/models/shared/ordertype.ts
  - src/sdk/models/shared/schemeclientcredentials.ts
  - src/sdk/models/shared/security.ts
  - src/sdk/models/webhooks/index.ts
  - src/sdk/models/webhooks/stockupdate.ts
  - src/sdk/orders.ts
  - src/sdk/sdk.ts
  - src/sdk/types/blobs.ts
  - src/sdk/types/constdatetime.ts
  - src/sdk/types/enums.ts
  - src/sdk/types/fp.ts
  - src/sdk/types/index.ts
  - src/sdk/types/operations.ts
  - src/sdk/types/rfcdate.ts
  - src/sdk/types/streams.ts
  - src/sdk/types/webhooks.ts
  - tsconfig.json
examples:
  authenticate: {}
  getDrink:
    speakeasy-default-get-drink:
      parameters:
        path:
          name: "<value>"
      responses:
        "200":
          application/json: {"name": "Manhattan", "price": 1000, "productCode": "NAC-3F2D1"}
        5XX: {}
        default: {}
  listDrinks:
    speakeasy-default-list-drinks:
      responses:
        "200":
          application/json: [{"name": "Negroni", "price": 1500, "productCode": "NAC-3F2D1"}, {"name": "Old Fashioned", "price": 1000, "productCode": "APM-1F2D3"}, {"name": "Manhattan", "price": 1200, "productCode": "APM-1F2D3"}]
        5XX: {}
        default: {}
  stockUpdate:
    speakeasy-default-stock-update:
      requestBody:
        application/json: {"drink": {"name": "Negroni", "price": 1200, "productCode": "NAC-3F2D1"}, "ingredient": {"name": "Angostura Bitters", "productCode": "AC-A2DF3", "type": "fresh"}}
  listIngredients:
    speakeasy-default-list-ingredients:
      parameters:
        query:
          page: 347327
  createOrder:
    speakeasy-default-create-order:
      requestBody:
        application/json: [{"productCode": "APM-1F2D3", "quantity": 567805, "type": "ingredient"}, {"productCode": "AC-A2DF3", "quantity": 618237, "type": "ingredient"}]
      responses:
        "200":
          application/json: {"productCode": "NAC-3F2D1", "quantity": 78073, "status": "pending", "type": "drink"}
        5XX: {}
        default: {}
  subscribeToWebhooks: {}
generatedTests: {}
