lockVersion: 2.0.0
id: 906577a1-c369-4ae0-9074-3e1b5123889d
management:
  docChecksum: 936f0ff0f6ac9e56df38e51b2591854f
  docVersion: 1.0.0
  speakeasyVersion: 1.322.1
  generationVersion: 2.354.2
  releaseVersion: 2.0.0-alpha
  configChecksum: 21b337a9287e370886143467539438ad
  repoURL: https://github.com/speakeasy-sdks/bar-typescript.git
  repoSubDirectory: .
  installationURL: https://github.com/speakeasy-sdks/bar-typescript
  published: true
features:
  typescript:
    additionalDependencies: 0.1.0
    callbacks: 1.0.0
    core: 3.10.2
    errors: 2.81.10
    examples: 2.81.4
    flattening: 2.81.1
    globalSecurity: 2.82.9
    globalSecurityCallbacks: 0.1.0
    globalServerURLs: 2.82.4
    inputOutputModels: 2.82.0
    oauth2ClientCredentials: 0.1.4
    responseFormat: 0.2.3
    retries: 2.83.0
    sdkHooks: 0.1.0
    serverIDs: 2.81.2
    webhooks: 1.0.0
generatedFiles:
  - src/sdk/authentication.ts
  - src/sdk/drinks.ts
  - src/sdk/ingredients.ts
  - src/sdk/orders.ts
  - src/sdk/config.ts
  - src/sdk/sdk.ts
  - .eslintrc.cjs
  - .npmignore
  - RUNTIMES.md
  - jsr.json
  - package.json
  - src/index.ts
  - src/lib/base64.ts
  - src/lib/config.ts
  - src/lib/encodings.ts
  - src/lib/http.ts
  - src/lib/is-plain-object.ts
  - src/lib/primitives.ts
  - src/lib/retries.ts
  - src/lib/schemas.ts
  - src/lib/sdks.ts
  - src/lib/security.ts
  - src/lib/url.ts
  - src/sdk/index.ts
  - src/sdk/models/errors/sdkerror.ts
  - src/sdk/models/errors/sdkvalidationerror.ts
  - src/sdk/types/blobs.ts
  - src/sdk/types/enums.ts
  - src/sdk/types/index.ts
  - src/sdk/types/operations.ts
  - src/sdk/types/rfcdate.ts
  - tsconfig.json
  - src/sdk/models/operations/authenticate.ts
  - src/sdk/models/operations/getdrink.ts
  - src/sdk/models/operations/listdrinks.ts
  - src/sdk/models/operations/listingredients.ts
  - src/sdk/models/operations/createorder.ts
  - src/sdk/models/operations/subscribetowebhooks.ts
  - src/sdk/models/shared/error.ts
  - src/sdk/models/shared/drink.ts
  - src/sdk/models/shared/drinktype.ts
  - src/sdk/models/shared/order.ts
  - src/sdk/models/shared/ordertype.ts
  - src/sdk/models/shared/orderinput.ts
  - src/sdk/models/shared/security.ts
  - src/sdk/models/shared/schemeclientcredentials.ts
  - src/sdk/models/shared/ingredient.ts
  - src/sdk/models/shared/ingredienttype.ts
  - src/sdk/models/shared/drinkinput.ts
  - src/sdk/models/errors/apierror.ts
  - src/sdk/models/callbacks/createorder.ts
  - src/sdk/models/webhooks/stockupdate.ts
  - src/sdk/models/errors/index.ts
  - src/sdk/models/operations/index.ts
  - src/sdk/models/shared/index.ts
  - src/sdk/models/callbacks/index.ts
  - src/sdk/models/webhooks/index.ts
  - docs/sdk/models/operations/authenticaterequestbody.md
  - docs/sdk/models/operations/authenticateresponsebody.md
  - docs/sdk/models/operations/authenticateresponse.md
  - docs/sdk/models/operations/getdrinkrequest.md
  - docs/sdk/models/operations/getdrinkresponse.md
  - docs/sdk/models/operations/listdrinksrequest.md
  - docs/sdk/models/operations/listdrinksresponse.md
  - docs/sdk/models/operations/listingredientsrequest.md
  - docs/sdk/models/operations/data.md
  - docs/sdk/models/operations/listingredientsresponsebody.md
  - docs/sdk/models/operations/listingredientsresponse.md
  - docs/sdk/models/operations/createorderrequest.md
  - docs/sdk/models/operations/createorderresponse.md
  - docs/sdk/models/operations/webhook.md
  - docs/sdk/models/operations/requestbody.md
  - docs/sdk/models/operations/subscribetowebhooksresponse.md
  - docs/sdk/models/shared/errort.md
  - docs/sdk/models/shared/drink.md
  - docs/sdk/models/shared/drinktype.md
  - docs/sdk/models/shared/status.md
  - docs/sdk/models/shared/order.md
  - docs/sdk/models/shared/ordertype.md
  - docs/sdk/models/shared/orderinput.md
  - docs/sdk/models/shared/security.md
  - docs/sdk/models/shared/schemeclientcredentials.md
  - docs/sdk/models/shared/ingredient.md
  - docs/sdk/models/shared/ingredienttype.md
  - docs/sdk/models/shared/drinkinput.md
  - docs/sdk/models/errors/apierror.md
  - docs/sdk/models/callbacks/createorderorderupdateresponse.md
  - docs/sdk/models/callbacks/createorderorderupdaterequestbody.md
  - docs/sdk/models/webhooks/stockupdateresponse.md
  - docs/sdk/models/webhooks/stockupdaterequestbody.md
  - docs/sdks/barsdk/README.md
  - docs/lib/utils/retryconfig.md
  - docs/sdks/authentication/README.md
  - docs/sdks/drinks/README.md
  - docs/sdks/ingredients/README.md
  - docs/sdks/orders/README.md
  - docs/sdks/config/README.md
  - USAGE.md
  - .gitattributes
  - src/hooks/hooks.ts
  - src/hooks/types.ts
  - src/hooks/index.ts
  - src/hooks/clientcredentials.ts
