speakeasyVersion: 1.299.4
sources:
    bar-api:
        sourceNamespace: bar-api
        sourceRevisionDigest: sha256:0f2354525a54f126a0ec901efbb04be1462fc3ef2c8010655293551587636322
        sourceBlobDigest: sha256:0325b539fe65a39f16242474f3fd97d5452c7d6a134105c21bde8bb03137b2f2
        tags:
            - latest
            - main
targets:
    bar-typescript:
        source: bar-api
        sourceNamespace: bar-api
        sourceRevisionDigest: sha256:0f2354525a54f126a0ec901efbb04be1462fc3ef2c8010655293551587636322
        sourceBlobDigest: sha256:0325b539fe65a39f16242474f3fd97d5452c7d6a134105c21bde8bb03137b2f2
        outLocation: /github/workspace/repo
workflow:
    workflowVersion: 1.0.0
    speakeasyVersion: latest
    sources:
        bar-api:
            inputs:
                - location: https://raw.githubusercontent.com/speakeasy-api/openapi-reference-documentation/main/example/openapi.yaml
            registry:
                location: registry.speakeasyapi.dev/speakeasy-bar-test/speakeasy-bar-test/bar-api
    targets:
        bar-typescript:
            target: typescript
            source: bar-api
            publish:
                npm:
                    token: $npm_token
