speakeasyVersion: 1.299.6
sources:
    bar-api:
        sourceNamespace: bar-api
        sourceRevisionDigest: sha256:1e63534e1a8fc35c54231c500b7e2b449293c944a951459ac89dd93eb24a13eb
        sourceBlobDigest: sha256:2b4f4ee668d9bf6ba862927bef3aeabcdb101f163915ec8a1736b274d3152a5f
        tags:
            - latest
            - main
targets:
    bar-typescript:
        source: bar-api
        sourceNamespace: bar-api
        sourceRevisionDigest: sha256:1e63534e1a8fc35c54231c500b7e2b449293c944a951459ac89dd93eb24a13eb
        sourceBlobDigest: sha256:2b4f4ee668d9bf6ba862927bef3aeabcdb101f163915ec8a1736b274d3152a5f
        outLocation: /github/workspace/repo
workflow:
    workflowVersion: 1.0.0
    speakeasyVersion: latest
    sources:
        bar-api:
            inputs:
                - location: ./openapi.yaml
            registry:
                location: registry.speakeasyapi.dev/speakeasy-bar-test/speakeasy-bar-test/bar-api
    targets:
        bar-typescript:
            target: typescript
            source: bar-api
            publish:
                npm:
                    token: $npm_token
