speakeasyVersion: 1.299.5
sources:
    bar-api:
        sourceNamespace: bar-api
        sourceRevisionDigest: sha256:661b257fc392df52cf71d534396e1853e4fe4a225edc8038c4a5096b4cb1bedf
        sourceBlobDigest: sha256:6ca8e48ede74e10b1ee6062a7a316b1ed07ff54d8cd293dff10d70df694c4351
        tags:
            - latest
            - main
targets:
    bar-typescript:
        source: bar-api
        sourceNamespace: bar-api
        sourceRevisionDigest: sha256:661b257fc392df52cf71d534396e1853e4fe4a225edc8038c4a5096b4cb1bedf
        sourceBlobDigest: sha256:6ca8e48ede74e10b1ee6062a7a316b1ed07ff54d8cd293dff10d70df694c4351
        outLocation: /github/workspace/repo
workflow:
    workflowVersion: 1.0.0
    speakeasyVersion: latest
    sources:
        bar-api:
            inputs:
                - location: ./openapi.yaml
            registry:
                location: registry.speakeasyapi.dev/speakeasy-bar-test/speakeasy-bar-test/bar-api
    targets:
        bar-typescript:
            target: typescript
            source: bar-api
            publish:
                npm:
                    token: $npm_token
